
Microsoft Visual Studio Solution File, Format Version 12.00
# Visual Studio Version 17
VisualStudioVersion = 17.0.31903.59
MinimumVisualStudioVersion = 10.0.40219.1
Project("{FAE04EC0-301F-11D3-BF4B-00C04F79EFBC}") = "API", "API\API.csproj", "{F7B3D17F-6BD5-4932-8641-0586B3004103}"
EndProject
Project("{FAE04EC0-301F-11D3-BF4B-00C04F79EFBC}") = "Core", "Core\Core.csproj", "{A7012102-BCE7-4DD5-84B3-5219B0747518}"
EndProject
Project("{FAE04EC0-301F-11D3-BF4B-00C04F79EFBC}") = "Infrastructure", "Infrastructure\Infrastructure.csproj", "{6141F94F-24C2-4862-957A-5FEDDC3B7E0E}"
EndProject
Global
	GlobalSection(SolutionConfigurationPlatforms) = preSolution
		Debug|Any CPU = Debug|Any CPU
		Release|Any CPU = Release|Any CPU
	EndGlobalSection
	GlobalSection(SolutionProperties) = preSolution
		HideSolutionNode = FALSE
	EndGlobalSection
	GlobalSection(ProjectConfigurationPlatforms) = postSolution
		{F7B3D17F-6BD5-4932-8641-0586B3004103}.Debug|Any CPU.ActiveCfg = Debug|Any CPU
		{F7B3D17F-6BD5-4932-8641-0586B3004103}.Debug|Any CPU.Build.0 = Debug|Any CPU
		{F7B3D17F-6BD5-4932-8641-0586B3004103}.Release|Any CPU.ActiveCfg = Release|Any CPU
		{F7B3D17F-6BD5-4932-8641-0586B3004103}.Release|Any CPU.Build.0 = Release|Any CPU
		{A7012102-BCE7-4DD5-84B3-5219B0747518}.Debug|Any CPU.ActiveCfg = Debug|Any CPU
		{A7012102-BCE7-4DD5-84B3-5219B0747518}.Debug|Any CPU.Build.0 = Debug|Any CPU
		{A7012102-BCE7-4DD5-84B3-5219B0747518}.Release|Any CPU.ActiveCfg = Release|Any CPU
		{A7012102-BCE7-4DD5-84B3-5219B0747518}.Release|Any CPU.Build.0 = Release|Any CPU
		{6141F94F-24C2-4862-957A-5FEDDC3B7E0E}.Debug|Any CPU.ActiveCfg = Debug|Any CPU
		{6141F94F-24C2-4862-957A-5FEDDC3B7E0E}.Debug|Any CPU.Build.0 = Debug|Any CPU
		{6141F94F-24C2-4862-957A-5FEDDC3B7E0E}.Release|Any CPU.ActiveCfg = Release|Any CPU
		{6141F94F-24C2-4862-957A-5FEDDC3B7E0E}.Release|Any CPU.Build.0 = Release|Any CPU
	EndGlobalSection
EndGlobal
